PODS:
  - ARCL (1.1.0)
  - AsyncSwift (2.0.4)
  - CodableFirebase (0.2.1)
  - Disk (0.6.2)
  - Firebase/Core (5.20.1):
    - Firebase/CoreOnly
    - FirebaseAnalytics (= 5.8.0)
  - Firebase/CoreOnly (5.20.1):
    - FirebaseCore (= 5.4.1)
  - Firebase/Database (5.20.1):
    - Firebase/CoreOnly
    - FirebaseDatabase (= 5.1.1)
  - FirebaseAnalytics (5.8.0):
    - FirebaseCore (~> 5.4)
    - FirebaseInstanceID (~> 3.8)
    - GoogleAppMeasurement (= 5.8.0)
    - GoogleUtilities/AppDelegateSwizzler (~> 5.2)
    - GoogleUtilities/MethodSwizzler (~> 5.2)
    - GoogleUtilities/Network (~> 5.2)
    - "GoogleUtilities/NSData+zlib (~> 5.2)"
    - nanopb (~> 0.3)
  - FirebaseAuthInterop (1.0.0)
  - FirebaseCore (5.4.1):
    - GoogleUtilities/Environment (~> 5.2)
    - GoogleUtilities/Logger (~> 5.2)
  - FirebaseDatabase (5.1.1):
    - FirebaseAuthInterop (~> 1.0)
    - FirebaseCore (~> 5.2)
    - leveldb-library (~> 1.18)
  - FirebaseInstanceID (3.8.1):
    - FirebaseCore (~> 5.2)
    - GoogleUtilities/Environment (~> 5.2)
    - GoogleUtilities/UserDefaults (~> 5.2)
  - GoogleAppMeasurement (5.8.0):
    - GoogleUtilities/AppDelegateSwizzler (~> 5.2)
    - GoogleUtilities/MethodSwizzler (~> 5.2)
    - GoogleUtilities/Network (~> 5.2)
    - "GoogleUtilities/NSData+zlib (~> 5.2)"
    - nanopb (~> 0.3)
  - GoogleUtilities/AppDelegateSwizzler (5.5.0):
    - GoogleUtilities/Environment
    - GoogleUtilities/Logger
    - GoogleUtilities/Network
  - GoogleUtilities/Environment (5.5.0)
  - GoogleUtilities/Logger (5.5.0):
    - GoogleUtilities/Environment
  - GoogleUtilities/MethodSwizzler (5.5.0):
    - GoogleUtilities/Logger
  - GoogleUtilities/Network (5.5.0):
    - GoogleUtilities/Logger
    - "GoogleUtilities/NSData+zlib"
    - GoogleUtilities/Reachability
  - "GoogleUtilities/NSData+zlib (5.5.0)"
  - GoogleUtilities/Reachability (5.5.0):
    - GoogleUtilities/Logger
  - GoogleUtilities/UserDefaults (5.5.0):
    - GoogleUtilities/Logger
  - leveldb-library (1.20)
  - nanopb (0.3.901):
    - nanopb/decode (= 0.3.901)
    - nanopb/encode (= 0.3.901)
  - nanopb/decode (0.3.901)
  - nanopb/encode (0.3.901)
  - SnapKit (4.2.0)
  - SwiftLocation (3.2.3):
    - SwiftyJSON (~> 4.0.0-alpha.1)
  - SwiftyBeaver (1.7.0)
  - SwiftyJSON (4.0.0)
  - SwiftyTimer (2.1.0)

DEPENDENCIES:
  - ARCL
  - AsyncSwift
  - CodableFirebase
  - Disk
  - Firebase/Core
  - Firebase/Database
  - SnapKit
  - SwiftLocation
  - SwiftyBeaver
  - SwiftyTimer

SPEC REPOS:
  https://github.com/cocoapods/specs.git:
    - ARCL
    - AsyncSwift
    - CodableFirebase
    - Disk
    - Firebase
    - FirebaseAnalytics
    - FirebaseAuthInterop
    - FirebaseCore
    - FirebaseDatabase
    - FirebaseInstanceID
    - GoogleAppMeasurement
    - GoogleUtilities
    - leveldb-library
    - nanopb
    - SnapKit
    - SwiftLocation
    - SwiftyBeaver
    - SwiftyJSON
    - SwiftyTimer

SPEC CHECKSUMS:
  ARCL: 8b0a375942c575472c3cdbec80262d8400f1ec42
  AsyncSwift: 65775a7b32e740609b24969ece3de58723b9dc3e
  CodableFirebase: 0bf201991eeec35eb9fcd987d271ea463cf34a80
  Disk: d39d76f5369fe369f3129cf4d624a7df572e9811
  Firebase: 2f5235e62f141cb86181c3af0dfe4509706351ac
  FirebaseAnalytics: fd72a26bf8dac84cefba2f0864366f718555a5b0
  FirebaseAuthInterop: 0ffa57668be100582bb7643d4fcb7615496c41fc
  FirebaseCore: f1a9a8be1aee4bf71a2fc0f4096df6788bdfda61
  FirebaseDatabase: 2c15b0ea6f2c6eb5e57413f9d6340f1e50b81ae3
  FirebaseInstanceID: a122b0c258720cf250551bb2bedf48c699f80d90
  GoogleAppMeasurement: 1624046ab1bcc5e170061a56ef5679000b079c8e
  GoogleUtilities: 6481e6318c5fcabaaa8513ef8120f329055d7c10
  leveldb-library: 08cba283675b7ed2d99629a4bc5fd052cd2bb6a5
  nanopb: 2901f78ea1b7b4015c860c2fdd1ea2fee1a18d48
  SnapKit: fe8a619752f3f27075cc9a90244d75c6c3f27e2a
  SwiftLocation: a3c3bc2023118171ef3572188a31def94aa0892c
  SwiftyBeaver: 4cc0080d2e23f980652e28978db11a5c9da39165
  SwiftyJSON: 070dabdcb1beb81b247c65ffa3a79dbbfb3b48aa
  SwiftyTimer: 02dd6cf10cbc71cbf67cec494f6e5eb782102543

PODFILE CHECKSUM: cc31392f11d68e35af9396084641206648e22bf2

COCOAPODS: 1.6.1
